
Microsoft Visual Studio Solution File, Format Version 12.00
# Visual Studio 14
VisualStudioVersion = 14.0.23107.0
MinimumVisualStudioVersion = 10.0.40219.1
Project("{FAE04EC0-301F-11D3-BF4B-00C04F79EFBC}") = "Veiw", "Veiw\Veiw.csproj", "{C019AAC2-F480-48C7-9D4F-14A5662E9997}"
EndProject
Project("{FAE04EC0-301F-11D3-BF4B-00C04F79EFBC}") = "Resources", "Resources\Resources.csproj", "{E6F07138-8D8F-4CC8-AF5C-D0227DACA082}"
EndProject
Project("{FAE04EC0-301F-11D3-BF4B-00C04F79EFBC}") = "Model", "Model\Model.csproj", "{F51BDC8C-C6B5-4AA8-8631-50C2FB6632F8}"
EndProject
Project("{FAE04EC0-301F-11D3-BF4B-00C04F79EFBC}") = "Network_Controller", "Network_Controller\Network_Controller.csproj", "{F2F7F03D-7FE0-487F-89E5-79938B925B5E}"
EndProject
Global
	GlobalSection(SolutionConfigurationPlatforms) = preSolution
		Debug|Any CPU = Debug|Any CPU
		Release|Any CPU = Release|Any CPU
	EndGlobalSection
	GlobalSection(ProjectConfigurationPlatforms) = postSolution
		{C019AAC2-F480-48C7-9D4F-14A5662E9997}.Debug|Any CPU.ActiveCfg = Debug|Any CPU
		{C019AAC2-F480-48C7-9D4F-14A5662E9997}.Debug|Any CPU.Build.0 = Debug|Any CPU
		{C019AAC2-F480-48C7-9D4F-14A5662E9997}.Release|Any CPU.ActiveCfg = Release|Any CPU
		{C019AAC2-F480-48C7-9D4F-14A5662E9997}.Release|Any CPU.Build.0 = Release|Any CPU
		{E6F07138-8D8F-4CC8-AF5C-D0227DACA082}.Debug|Any CPU.ActiveCfg = Debug|Any CPU
		{E6F07138-8D8F-4CC8-AF5C-D0227DACA082}.Debug|Any CPU.Build.0 = Debug|Any CPU
		{E6F07138-8D8F-4CC8-AF5C-D0227DACA082}.Release|Any CPU.ActiveCfg = Release|Any CPU
		{E6F07138-8D8F-4CC8-AF5C-D0227DACA082}.Release|Any CPU.Build.0 = Release|Any CPU
		{F51BDC8C-C6B5-4AA8-8631-50C2FB6632F8}.Debug|Any CPU.ActiveCfg = Debug|Any CPU
		{F51BDC8C-C6B5-4AA8-8631-50C2FB6632F8}.Debug|Any CPU.Build.0 = Debug|Any CPU
		{F51BDC8C-C6B5-4AA8-8631-50C2FB6632F8}.Release|Any CPU.ActiveCfg = Release|Any CPU
		{F51BDC8C-C6B5-4AA8-8631-50C2FB6632F8}.Release|Any CPU.Build.0 = Release|Any CPU
		{F2F7F03D-7FE0-487F-89E5-79938B925B5E}.Debug|Any CPU.ActiveCfg = Debug|Any CPU
		{F2F7F03D-7FE0-487F-89E5-79938B925B5E}.Debug|Any CPU.Build.0 = Debug|Any CPU
		{F2F7F03D-7FE0-487F-89E5-79938B925B5E}.Release|Any CPU.ActiveCfg = Release|Any CPU
		{F2F7F03D-7FE0-487F-89E5-79938B925B5E}.Release|Any CPU.Build.0 = Release|Any CPU
	EndGlobalSection
	GlobalSection(SolutionProperties) = preSolution
		HideSolutionNode = FALSE
	EndGlobalSection
EndGlobal
